<?xml version="1.0" encoding="utf-8"?>
<Project ToolsVersion="4.0" xmlns="http://schemas.microsoft.com/developer/msbuild/2003">
  <ItemGroup>
    <Filter Include="Source files">
      <UniqueIdentifier>{023f16af-0ab9-41bb-8559-7d8b622a66bb}</UniqueIdentifier>
      <Extensions>cpp;c;cc;cxx;def;odl;idl;hpj;bat;asm;asmx</Extensions>
    </Filter>
    <Filter Include="Header files">
      <UniqueIdentifier>{c2c3a2da-5a08-4629-a5cf-391abca1155b}</UniqueIdentifier>
      <Extensions>h;hpp;hxx;hm;inl;inc;xsd</Extensions>
    </Filter>
    <Filter Include="Resource files">
      <UniqueIdentifier>{e039309e-319e-44ff-a001-e408ed084fed}</UniqueIdentifier>
      <Extensions>rc;ico;cur;bmp;dlg;rc2;rct;bin;rgs;gif;jpg;jpeg;jpe;resx;tiff;tif;png;wav</Extensions>
    </Filter>
    <Filter Include="Make files">
      <UniqueIdentifier>{c415a820-d96f-40c2-856a-9dce77a7590a}</UniqueIdentifier>
      <Extensions>*.mak</Extensions>
    </Filter>
    <Filter Include="VisualGDB settings">
      <UniqueIdentifier>{5f234f20-89dd-4ae2-84f7-2e0887f75a6e}</UniqueIdentifier>
      <Extensions>*.vgdbsettings</Extensions>
    </Filter>
    <Filter Include="Source files\Device-specific files">
      <UniqueIdentifier>{d4c20144-a755-47d1-b4a0-dec0e2044912}</UniqueIdentifier>
    </Filter>
    <Filter Include="Header files\Device-specific files">
      <UniqueIdentifier>{e9cbdd3d-fd1d-49c9-87b8-e30b3ddbf663}</UniqueIdentifier>
    </Filter>
    <Filter Include="Source files\Device-specific files\StdPeriph">
      <UniqueIdentifier>{e2dff653-016b-4701-b224-7d9b87089907}</UniqueIdentifier>
    </Filter>
    <Filter Include="Header files\Device-specific files\StdPeriph">
      <UniqueIdentifier>{204d730f-bdcd-4bcd-b42a-c314a6a8db9f}</UniqueIdentifier>
    </Filter>
    <Filter Include="Source files\APP">
      <UniqueIdentifier>{fe8dafa8-cc39-4c4e-825d-5710d4a8c8f4}</UniqueIdentifier>
    </Filter>
    <Filter Include="Source files\BSP">
      <UniqueIdentifier>{3503422d-82ad-4a7e-9e4e-e02c7c07f8b9}</UniqueIdentifier>
    </Filter>
    <Filter Include="Header files\APP">
      <UniqueIdentifier>{a342469b-d8c1-4414-83db-ad14575decd9}</UniqueIdentifier>
    </Filter>
    <Filter Include="Header files\BSP">
      <UniqueIdentifier>{ec291b9a-6f96-4e58-afbf-7f0401d9bb85}</UniqueIdentifier>
    </Filter>
    <Filter Include="Header files\MiddleLayer">
      <UniqueIdentifier>{5b69917c-c1e2-4cca-9112-fa463428b3b5}</UniqueIdentifier>
    </Filter>
    <Filter Include="Source files\USER">
      <UniqueIdentifier>{50d248c8-98ba-43e6-aac7-20dc6b505329}</UniqueIdentifier>
    </Filter>
    <Filter Include="Header files\USER">
      <UniqueIdentifier>{3466d5f6-8a07-4240-b8bd-2ec86bf76941}</UniqueIdentifier>
    </Filter>
    <Filter Include="Source files\MiddleLayer">
      <UniqueIdentifier>{28cc4c5c-1652-4f63-b221-07403ad9da31}</UniqueIdentifier>
    </Filter>
    <Filter Include="Source files\MiddleLayer\ugui">
      <UniqueIdentifier>{b96fb329-260c-443f-b18b-0b1a4e46e073}</UniqueIdentifier>
    </Filter>
    <Filter Include="Header files\MiddleLayer\ugui">
      <UniqueIdentifier>{012e745b-727c-4446-a9d6-37e2930dc4a4}</UniqueIdentifier>
    </Filter>
  </ItemGroup>
  <ItemGroup>
    <ClCompile Include="..\..\..\..\AppData\Local\VisualGDB\EmbeddedBSPs\arm-eabi\com.sysprogs.arm.stm32\STM32F1xxxx\StartupFiles\startup_stm32f103xe.c">
      <Filter>Source files\Device-specific files</Filter>
    </ClCompile>
    <ClCompile Include="..\..\..\..\AppData\Local\VisualGDB\EmbeddedBSPs\arm-eabi\com.sysprogs.arm.stm32\STM32F1xxxx\STM32F10x_StdPeriph_Driver\src\misc.c">
      <Filter>Source files\Device-specific files\StdPeriph</Filter>
    </ClCompile>
    <ClCompile Include="..\..\..\..\AppData\Local\VisualGDB\EmbeddedBSPs\arm-eabi\com.sysprogs.arm.stm32\STM32F1xxxx\STM32F10x_StdPeriph_Driver\src\stm32f10x_adc.c">
      <Filter>Source files\Device-specific files\StdPeriph</Filter>
    </ClCompile>
    <ClCompile Include="..\..\..\..\AppData\Local\VisualGDB\EmbeddedBSPs\arm-eabi\com.sysprogs.arm.stm32\STM32F1xxxx\STM32F10x_StdPeriph_Driver\src\stm32f10x_bkp.c">
      <Filter>Source files\Device-specific files\StdPeriph</Filter>
    </ClCompile>
    <ClCompile Include="..\..\..\..\AppData\Local\VisualGDB\EmbeddedBSPs\arm-eabi\com.sysprogs.arm.stm32\STM32F1xxxx\STM32F10x_StdPeriph_Driver\src\stm32f10x_can.c">
      <Filter>Source files\Device-specific files\StdPeriph</Filter>
    </ClCompile>
    <ClCompile Include="..\..\..\..\AppData\Local\VisualGDB\EmbeddedBSPs\arm-eabi\com.sysprogs.arm.stm32\STM32F1xxxx\STM32F10x_StdPeriph_Driver\src\stm32f10x_cec.c">
      <Filter>Source files\Device-specific files\StdPeriph</Filter>
    </ClCompile>
    <ClCompile Include="..\..\..\..\AppData\Local\VisualGDB\EmbeddedBSPs\arm-eabi\com.sysprogs.arm.stm32\STM32F1xxxx\STM32F10x_StdPeriph_Driver\src\stm32f10x_crc.c">
      <Filter>Source files\Device-specific files\StdPeriph</Filter>
    </ClCompile>
    <ClCompile Include="..\..\..\..\AppData\Local\VisualGDB\EmbeddedBSPs\arm-eabi\com.sysprogs.arm.stm32\STM32F1xxxx\STM32F10x_StdPeriph_Driver\src\stm32f10x_dac.c">
      <Filter>Source files\Device-specific files\StdPeriph</Filter>
    </ClCompile>
    <ClCompile Include="..\..\..\..\AppData\Local\VisualGDB\EmbeddedBSPs\arm-eabi\com.sysprogs.arm.stm32\STM32F1xxxx\STM32F10x_StdPeriph_Driver\src\stm32f10x_dbgmcu.c">
      <Filter>Source files\Device-specific files\StdPeriph</Filter>
    </ClCompile>
    <ClCompile Include="..\..\..\..\AppData\Local\VisualGDB\EmbeddedBSPs\arm-eabi\com.sysprogs.arm.stm32\STM32F1xxxx\STM32F10x_StdPeriph_Driver\src\stm32f10x_dma.c">
      <Filter>Source files\Device-specific files\StdPeriph</Filter>
    </ClCompile>
    <ClCompile Include="..\..\..\..\AppData\Local\VisualGDB\EmbeddedBSPs\arm-eabi\com.sysprogs.arm.stm32\STM32F1xxxx\STM32F10x_StdPeriph_Driver\src\stm32f10x_exti.c">
      <Filter>Source files\Device-specific files\StdPeriph</Filter>
    </ClCompile>
    <ClCompile Include="..\..\..\..\AppData\Local\VisualGDB\EmbeddedBSPs\arm-eabi\com.sysprogs.arm.stm32\STM32F1xxxx\STM32F10x_StdPeriph_Driver\src\stm32f10x_flash.c">
      <Filter>Source files\Device-specific files\StdPeriph</Filter>
    </ClCompile>
    <ClCompile Include="..\..\..\..\AppData\Local\VisualGDB\EmbeddedBSPs\arm-eabi\com.sysprogs.arm.stm32\STM32F1xxxx\STM32F10x_StdPeriph_Driver\src\stm32f10x_fsmc.c">
      <Filter>Source files\Device-specific files\StdPeriph</Filter>
    </ClCompile>
    <ClCompile Include="..\..\..\..\AppData\Local\VisualGDB\EmbeddedBSPs\arm-eabi\com.sysprogs.arm.stm32\STM32F1xxxx\STM32F10x_StdPeriph_Driver\src\stm32f10x_gpio.c">
      <Filter>Source files\Device-specific files\StdPeriph</Filter>
    </ClCompile>
    <ClCompile Include="..\..\..\..\AppData\Local\VisualGDB\EmbeddedBSPs\arm-eabi\com.sysprogs.arm.stm32\STM32F1xxxx\STM32F10x_StdPeriph_Driver\src\stm32f10x_i2c.c">
      <Filter>Source files\Device-specific files\StdPeriph</Filter>
    </ClCompile>
    <ClCompile Include="..\..\..\..\AppData\Local\VisualGDB\EmbeddedBSPs\arm-eabi\com.sysprogs.arm.stm32\STM32F1xxxx\STM32F10x_StdPeriph_Driver\src\stm32f10x_iwdg.c">
      <Filter>Source files\Device-specific files\StdPeriph</Filter>
    </ClCompile>
    <ClCompile Include="..\..\..\..\AppData\Local\VisualGDB\EmbeddedBSPs\arm-eabi\com.sysprogs.arm.stm32\STM32F1xxxx\STM32F10x_StdPeriph_Driver\src\stm32f10x_pwr.c">
      <Filter>Source files\Device-specific files\StdPeriph</Filter>
    </ClCompile>
    <ClCompile Include="..\..\..\..\AppData\Local\VisualGDB\EmbeddedBSPs\arm-eabi\com.sysprogs.arm.stm32\STM32F1xxxx\STM32F10x_StdPeriph_Driver\src\stm32f10x_rcc.c">
      <Filter>Source files\Device-specific files\StdPeriph</Filter>
    </ClCompile>
    <ClCompile Include="..\..\..\..\AppData\Local\VisualGDB\EmbeddedBSPs\arm-eabi\com.sysprogs.arm.stm32\STM32F1xxxx\STM32F10x_StdPeriph_Driver\src\stm32f10x_rtc.c">
      <Filter>Source files\Device-specific files\StdPeriph</Filter>
    </ClCompile>
    <ClCompile Include="..\..\..\..\AppData\Local\VisualGDB\EmbeddedBSPs\arm-eabi\com.sysprogs.arm.stm32\STM32F1xxxx\STM32F10x_StdPeriph_Driver\src\stm32f10x_sdio.c">
      <Filter>Source files\Device-specific files\StdPeriph</Filter>
    </ClCompile>
    <ClCompile Include="..\..\..\..\AppData\Local\VisualGDB\EmbeddedBSPs\arm-eabi\com.sysprogs.arm.stm32\STM32F1xxxx\STM32F10x_StdPeriph_Driver\src\stm32f10x_spi.c">
      <Filter>Source files\Device-specific files\StdPeriph</Filter>
    </ClCompile>
    <ClCompile Include="..\..\..\..\AppData\Local\VisualGDB\EmbeddedBSPs\arm-eabi\com.sysprogs.arm.stm32\STM32F1xxxx\STM32F10x_StdPeriph_Driver\src\stm32f10x_tim.c">
      <Filter>Source files\Device-specific files\StdPeriph</Filter>
    </ClCompile>
    <ClCompile Include="..\..\..\..\AppData\Local\VisualGDB\EmbeddedBSPs\arm-eabi\com.sysprogs.arm.stm32\STM32F1xxxx\STM32F10x_StdPeriph_Driver\src\stm32f10x_usart.c">
      <Filter>Source files\Device-specific files\StdPeriph</Filter>
    </ClCompile>
    <ClCompile Include="..\..\..\..\AppData\Local\VisualGDB\EmbeddedBSPs\arm-eabi\com.sysprogs.arm.stm32\STM32F1xxxx\STM32F10x_StdPeriph_Driver\src\stm32f10x_wwdg.c">
      <Filter>Source files\Device-specific files\StdPeriph</Filter>
    </ClCompile>
    <ClCompile Include="..\..\..\..\AppData\Local\VisualGDB\EmbeddedBSPs\arm-eabi\com.sysprogs.arm.stm32\STM32F1xxxx\CMSIS_StdPeriph\CM3\CoreSupport\core_cm3.c">
      <Filter>Source files\Device-specific files\StdPeriph</Filter>
    </ClCompile>
    <ClCompile Include="..\..\BSP\AD_key.c">
      <Filter>Source files\BSP</Filter>
    </ClCompile>
    <ClCompile Include="..\..\BSP\SPI_lcd.c">
      <Filter>Source files\BSP</Filter>
    </ClCompile>
    <ClCompile Include="..\..\BSP\SPI_sd.c">
      <Filter>Source files\BSP</Filter>
    </ClCompile>
    <ClCompile Include="..\..\APP\ui.c">
      <Filter>Source files\APP</Filter>
    </ClCompile>
    <ClCompile Include="..\..\USER\main.c">
      <Filter>Source files\USER</Filter>
    </ClCompile>
    <ClCompile Include="..\..\USER\stm32f10x_it.c">
      <Filter>Source files\USER</Filter>
    </ClCompile>
    <ClCompile Include="..\..\USER\system_stm32f10x.c">
      <Filter>Source files\USER</Filter>
    </ClCompile>
    <ClCompile Include="..\..\MiddleLayer\datastruct.c">
      <Filter>Source files\MiddleLayer</Filter>
    </ClCompile>
    <ClCompile Include="..\..\MiddleLayer\ugui\ugui.c">
      <Filter>Source files\MiddleLayer\ugui</Filter>
    </ClCompile>
    <ClCompile Include="..\..\BSP\tim.c">
      <Filter>Source files\BSP</Filter>
    </ClCompile>
  </ItemGroup>
  <ItemGroup>
    <None Include="Makefile" />
    <None Include="debug.mak">
      <Filter>Make files</Filter>
    </None>
    <None Include="LPC-Debug.vgdbsettings">
      <Filter>VisualGDB settings</Filter>
    </None>
    <None Include="release.mak">
      <Filter>Make files</Filter>
    </None>
    <None Include="LPC-Release.vgdbsettings">
      <Filter>VisualGDB settings</Filter>
    </None>
    <None Include="stm32.mak">
      <Filter>Source files\Device-specific files</Filter>
    </None>
  </ItemGroup>
  <ItemGroup>
    <ClInclude Include="..\..\..\..\AppData\Local\VisualGDB\EmbeddedBSPs\arm-eabi\com.sysprogs.arm.stm32\STM32F1xxxx\STM32F10x_StdPeriph_Driver\inc\misc.h">
      <Filter>Header files\Device-specific files\StdPeriph</Filter>
    </ClInclude>
    <ClInclude Include="..\..\..\..\AppData\Local\VisualGDB\EmbeddedBSPs\arm-eabi\com.sysprogs.arm.stm32\STM32F1xxxx\STM32F10x_StdPeriph_Driver\inc\stm32f10x_adc.h">
      <Filter>Header files\Device-specific files\StdPeriph</Filter>
    </ClInclude>
    <ClInclude Include="..\..\..\..\AppData\Local\VisualGDB\EmbeddedBSPs\arm-eabi\com.sysprogs.arm.stm32\STM32F1xxxx\STM32F10x_StdPeriph_Driver\inc\stm32f10x_bkp.h">
      <Filter>Header files\Device-specific files\StdPeriph</Filter>
    </ClInclude>
    <ClInclude Include="..\..\..\..\AppData\Local\VisualGDB\EmbeddedBSPs\arm-eabi\com.sysprogs.arm.stm32\STM32F1xxxx\STM32F10x_StdPeriph_Driver\inc\stm32f10x_can.h">
      <Filter>Header files\Device-specific files\StdPeriph</Filter>
    </ClInclude>
    <ClInclude Include="..\..\..\..\AppData\Local\VisualGDB\EmbeddedBSPs\arm-eabi\com.sysprogs.arm.stm32\STM32F1xxxx\STM32F10x_StdPeriph_Driver\inc\stm32f10x_cec.h">
      <Filter>Header files\Device-specific files\StdPeriph</Filter>
    </ClInclude>
    <ClInclude Include="..\..\..\..\AppData\Local\VisualGDB\EmbeddedBSPs\arm-eabi\com.sysprogs.arm.stm32\STM32F1xxxx\STM32F10x_StdPeriph_Driver\inc\stm32f10x_crc.h">
      <Filter>Header files\Device-specific files\StdPeriph</Filter>
    </ClInclude>
    <ClInclude Include="..\..\..\..\AppData\Local\VisualGDB\EmbeddedBSPs\arm-eabi\com.sysprogs.arm.stm32\STM32F1xxxx\STM32F10x_StdPeriph_Driver\inc\stm32f10x_dac.h">
      <Filter>Header files\Device-specific files\StdPeriph</Filter>
    </ClInclude>
    <ClInclude Include="..\..\..\..\AppData\Local\VisualGDB\EmbeddedBSPs\arm-eabi\com.sysprogs.arm.stm32\STM32F1xxxx\STM32F10x_StdPeriph_Driver\inc\stm32f10x_dbgmcu.h">
      <Filter>Header files\Device-specific files\StdPeriph</Filter>
    </ClInclude>
    <ClInclude Include="..\..\..\..\AppData\Local\VisualGDB\EmbeddedBSPs\arm-eabi\com.sysprogs.arm.stm32\STM32F1xxxx\STM32F10x_StdPeriph_Driver\inc\stm32f10x_dma.h">
      <Filter>Header files\Device-specific files\StdPeriph</Filter>
    </ClInclude>
    <ClInclude Include="..\..\..\..\AppData\Local\VisualGDB\EmbeddedBSPs\arm-eabi\com.sysprogs.arm.stm32\STM32F1xxxx\STM32F10x_StdPeriph_Driver\inc\stm32f10x_exti.h">
      <Filter>Header files\Device-specific files\StdPeriph</Filter>
    </ClInclude>
    <ClInclude Include="..\..\..\..\AppData\Local\VisualGDB\EmbeddedBSPs\arm-eabi\com.sysprogs.arm.stm32\STM32F1xxxx\STM32F10x_StdPeriph_Driver\inc\stm32f10x_flash.h">
      <Filter>Header files\Device-specific files\StdPeriph</Filter>
    </ClInclude>
    <ClInclude Include="..\..\..\..\AppData\Local\VisualGDB\EmbeddedBSPs\arm-eabi\com.sysprogs.arm.stm32\STM32F1xxxx\STM32F10x_StdPeriph_Driver\inc\stm32f10x_fsmc.h">
      <Filter>Header files\Device-specific files\StdPeriph</Filter>
    </ClInclude>
    <ClInclude Include="..\..\..\..\AppData\Local\VisualGDB\EmbeddedBSPs\arm-eabi\com.sysprogs.arm.stm32\STM32F1xxxx\STM32F10x_StdPeriph_Driver\inc\stm32f10x_gpio.h">
      <Filter>Header files\Device-specific files\StdPeriph</Filter>
    </ClInclude>
    <ClInclude Include="..\..\..\..\AppData\Local\VisualGDB\EmbeddedBSPs\arm-eabi\com.sysprogs.arm.stm32\STM32F1xxxx\STM32F10x_StdPeriph_Driver\inc\stm32f10x_i2c.h">
      <Filter>Header files\Device-specific files\StdPeriph</Filter>
    </ClInclude>
    <ClInclude Include="..\..\..\..\AppData\Local\VisualGDB\EmbeddedBSPs\arm-eabi\com.sysprogs.arm.stm32\STM32F1xxxx\STM32F10x_StdPeriph_Driver\inc\stm32f10x_iwdg.h">
      <Filter>Header files\Device-specific files\StdPeriph</Filter>
    </ClInclude>
    <ClInclude Include="..\..\..\..\AppData\Local\VisualGDB\EmbeddedBSPs\arm-eabi\com.sysprogs.arm.stm32\STM32F1xxxx\STM32F10x_StdPeriph_Driver\inc\stm32f10x_pwr.h">
      <Filter>Header files\Device-specific files\StdPeriph</Filter>
    </ClInclude>
    <ClInclude Include="..\..\..\..\AppData\Local\VisualGDB\EmbeddedBSPs\arm-eabi\com.sysprogs.arm.stm32\STM32F1xxxx\STM32F10x_StdPeriph_Driver\inc\stm32f10x_rcc.h">
      <Filter>Header files\Device-specific files\StdPeriph</Filter>
    </ClInclude>
    <ClInclude Include="..\..\..\..\AppData\Local\VisualGDB\EmbeddedBSPs\arm-eabi\com.sysprogs.arm.stm32\STM32F1xxxx\STM32F10x_StdPeriph_Driver\inc\stm32f10x_rtc.h">
      <Filter>Header files\Device-specific files\StdPeriph</Filter>
    </ClInclude>
    <ClInclude Include="..\..\..\..\AppData\Local\VisualGDB\EmbeddedBSPs\arm-eabi\com.sysprogs.arm.stm32\STM32F1xxxx\STM32F10x_StdPeriph_Driver\inc\stm32f10x_sdio.h">
      <Filter>Header files\Device-specific files\StdPeriph</Filter>
    </ClInclude>
    <ClInclude Include="..\..\..\..\AppData\Local\VisualGDB\EmbeddedBSPs\arm-eabi\com.sysprogs.arm.stm32\STM32F1xxxx\STM32F10x_StdPeriph_Driver\inc\stm32f10x_spi.h">
      <Filter>Header files\Device-specific files\StdPeriph</Filter>
    </ClInclude>
    <ClInclude Include="..\..\..\..\AppData\Local\VisualGDB\EmbeddedBSPs\arm-eabi\com.sysprogs.arm.stm32\STM32F1xxxx\STM32F10x_StdPeriph_Driver\inc\stm32f10x_tim.h">
      <Filter>Header files\Device-specific files\StdPeriph</Filter>
    </ClInclude>
    <ClInclude Include="..\..\..\..\AppData\Local\VisualGDB\EmbeddedBSPs\arm-eabi\com.sysprogs.arm.stm32\STM32F1xxxx\STM32F10x_StdPeriph_Driver\inc\stm32f10x_usart.h">
      <Filter>Header files\Device-specific files\StdPeriph</Filter>
    </ClInclude>
    <ClInclude Include="..\..\..\..\AppData\Local\VisualGDB\EmbeddedBSPs\arm-eabi\com.sysprogs.arm.stm32\STM32F1xxxx\STM32F10x_StdPeriph_Driver\inc\stm32f10x_wwdg.h">
      <Filter>Header files\Device-specific files\StdPeriph</Filter>
    </ClInclude>
    <ClInclude Include="..\..\..\..\AppData\Local\VisualGDB\EmbeddedBSPs\arm-eabi\com.sysprogs.arm.stm32\STM32F1xxxx\CMSIS_StdPeriph\CM3\CoreSupport\core_cm3.h">
      <Filter>Header files\Device-specific files\StdPeriph</Filter>
    </ClInclude>
    <ClInclude Include="..\..\..\..\AppData\Local\VisualGDB\EmbeddedBSPs\arm-eabi\com.sysprogs.arm.stm32\STM32F1xxxx\CMSIS_StdPeriph\CM3\DeviceSupport\ST\STM32F10x\stm32f10x.h">
      <Filter>Header files\Device-specific files\StdPeriph</Filter>
    </ClInclude>
    <ClInclude Include="..\..\..\..\AppData\Local\VisualGDB\EmbeddedBSPs\arm-eabi\com.sysprogs.arm.stm32\STM32F1xxxx\CMSIS_StdPeriph\CM3\DeviceSupport\ST\STM32F10x\system_stm32f10x.h">
      <Filter>Header files\Device-specific files\StdPeriph</Filter>
    </ClInclude>
    <ClInclude Include="..\..\BSP\AD_key.h">
      <Filter>Header files\BSP</Filter>
    </ClInclude>
    <ClInclude Include="..\..\BSP\SPI_lcd.h">
      <Filter>Header files\BSP</Filter>
    </ClInclude>
    <ClInclude Include="..\..\BSP\SPI_sd.h">
      <Filter>Header files\BSP</Filter>
    </ClInclude>
    <ClInclude Include="..\..\APP\ui.h">
      <Filter>Header files\APP</Filter>
    </ClInclude>
    <ClInclude Include="..\..\MiddleLayer\include.h">
      <Filter>Header files\MiddleLayer</Filter>
    </ClInclude>
    <ClInclude Include="..\..\MiddleLayer\pin_remap.h">
      <Filter>Header files\MiddleLayer</Filter>
    </ClInclude>
    <ClInclude Include="..\..\USER\stm32f10x_conf.h">
      <Filter>Header files\USER</Filter>
    </ClInclude>
    <ClInclude Include="..\..\USER\stm32f10x_it.h">
      <Filter>Header files\USER</Filter>
    </ClInclude>
    <ClInclude Include="..\..\USER\system_stm32f10x.h">
      <Filter>Header files\USER</Filter>
    </ClInclude>
    <ClInclude Include="..\..\USER\stm32f10x.h">
      <Filter>Header files\USER</Filter>
    </ClInclude>
    <ClInclude Include="..\..\MiddleLayer\integer.h">
      <Filter>Header files\MiddleLayer</Filter>
    </ClInclude>
    <ClInclude Include="..\..\MiddleLayer\datastruct.h">
      <Filter>Header files\MiddleLayer</Filter>
    </ClInclude>
    <ClInclude Include="..\..\MiddleLayer\ugui\ugui.h">
      <Filter>Header files\MiddleLayer\ugui</Filter>
    </ClInclude>
    <ClInclude Include="..\..\MiddleLayer\ugui\ugui_config.h">
      <Filter>Header files\MiddleLayer\ugui</Filter>
    </ClInclude>
    <ClInclude Include="..\..\BSP\tim.h">
      <Filter>Header files\BSP</Filter>
    </ClInclude>
  </ItemGroup>
  <ItemGroup>
    <Xml Include="stm32.xml">
      <Filter>VisualGDB settings</Filter>
    </Xml>
  </ItemGroup>
</Project>